// !$*UTF8*$!
{
	archiveVersion = 1;
	classes = {
	};
	objectVersion = 50;
	objects = {

/* Begin PBXBuildFile section */
		8CCC99AF21311B690092C7E4 /* AppDelegate.swift in Sources */ = {isa = PBXBuildFile; fileRef = 8CCC99AE21311B690092C7E4 /* AppDelegate.swift */; };
		8CCC99B121311B690092C7E4 /* ViewController.swift in Sources */ = {isa = PBXBuildFile; fileRef = 8CCC99B021311B690092C7E4 /* ViewController.swift */; };
		8CCC99B421311B690092C7E4 /* Main.storyboard in Resources */ = {isa = PBXBuildFile; fileRef = 8CCC99B221311B690092C7E4 /* Main.storyboard */; };
		8CCC99B621311B6A0092C7E4 /* Assets.xcassets in Resources */ = {isa = PBXBuildFile; fileRef = 8CCC99B521311B6A0092C7E4 /* Assets.xcassets */; };
		8CCC99B921311B6A0092C7E4 /* LaunchScreen.storyboard in Resources */ = {isa = PBXBuildFile; fileRef = 8CCC99B721311B6A0092C7E4 /* LaunchScreen.storyboard */; };
		8CCC99C421311B6A0092C7E4 /* DemoProjectTests.swift in Sources */ = {isa = PBXBuildFile; fileRef = 8CCC99C321311B6A0092C7E4 /* DemoProjectTests.swift */; };
		8CCC99CF21311B6B0092C7E4 /* DemoProjectUITests.swift in Sources */ = {isa = PBXBuildFile; fileRef = 8CCC99CE21311B6B0092C7E4 /* DemoProjectUITests.swift */; };
/* End PBXBuildFile section */

/* Begin PBXContainerItemProxy section */
		8CCC99C021311B6A0092C7E4 /* PBXContainerItemProxy */ = {
			isa = PBXContainerItemProxy;
			containerPortal = 8CCC99A321311B690092C7E4 /* Project object */;
			proxyType = 1;
			remoteGlobalIDString = 8CCC99AA21311B690092C7E4;
			remoteInfo = DemoProject;
		};
		8CCC99CB21311B6B0092C7E4 /* PBXContainerItemProxy */ = {
			isa = PBXContainerItemProxy;
			containerPortal = 8CCC99A321311B690092C7E4 /* Project object */;
			proxyType = 1;
			remoteGlobalIDString = 8CCC99AA21311B690092C7E4;
			remoteInfo = DemoProject;
		};
/* End PBXContainerItemProxy section */

/* Begin PBXFileReference section */
		8CCC99AB21311B690092C7E4 /* DemoProject.app */ = {isa = PBXFileReference; explicitFileType = wrapper.application; includeInIndex = 0; path = DemoProject.app; sourceTree = BUILT_PRODUCTS_DIR; };
		8CCC99AE21311B690092C7E4 /* AppDelegate.swift */ = {isa = PBXFileReference; lastKnownFileType = sourcecode.swift; path = AppDelegate.swift; sourceTree = "<group>"; };
		8CCC99B021311B690092C7E4 /* ViewController.swift */ = {isa = PBXFileReference; lastKnownFileType = sourcecode.swift; path = ViewController.swift; sourceTree = "<group>"; };
		8CCC99B321311B690092C7E4 /* Base */ = {isa = PBXFileReference; lastKnownFileType = file.storyboard; name = Base; path = Base.lproj/Main.storyboard; sourceTree = "<group>"; };
		8CCC99B521311B6A0092C7E4 /* Assets.xcassets */ = {isa = PBXFileReference; lastKnownFileType = folder.assetcatalog; path = Assets.xcassets; sourceTree = "<group>"; };
		8CCC99B821311B6A0092C7E4 /* Base */ = {isa = PBXFileReference; lastKnownFileType = file.storyboard; name = Base; path = Base.lproj/LaunchScreen.storyboard; sourceTree = "<group>"; };
		8CCC99BA21311B6A0092C7E4 /* Info.plist */ = {isa = PBXFileReference; lastKnownFileType = text.plist.xml; path = Info.plist; sourceTree = "<group>"; };
		8CCC99BF21311B6A0092C7E4 /* DemoProjectTests.xctest */ = {isa = PBXFileReference; explicitFileType = wrapper.cfbundle; includeInIndex = 0; path = DemoProjectTests.xctest; sourceTree = BUILT_PRODUCTS_DIR; };
		8CCC99C321311B6A0092C7E4 /* DemoProjectTests.swift */ = {isa = PBXFileReference; lastKnownFileType = sourcecode.swift; path = DemoProjectTests.swift; sourceTree = "<group>"; };
		8CCC99C521311B6B0092C7E4 /* Info.plist */ = {isa = PBXFileReference; lastKnownFileType = text.plist.xml; path = Info.plist; sourceTree = "<group>"; };
		8CCC99CA21311B6B0092C7E4 /* DemoProjectUITests.xctest */ = {isa = PBXFileReference; explicitFileType = wrapper.cfbundle; includeInIndex = 0; path = DemoProjectUITests.xctest; sourceTree = BUILT_PRODUCTS_DIR; };
		8CCC99CE21311B6B0092C7E4 /* DemoProjectUITests.swift */ = {isa = PBXFileReference; lastKnownFileType = sourcecode.swift; path = DemoProjectUITests.swift; sourceTree = "<group>"; };
		8CCC99D021311B6B0092C7E4 /* Info.plist */ = {isa = PBXFileReference; lastKnownFileType = text.plist.xml; path = Info.plist; sourceTree = "<group>"; };
/* End PBXFileReference section */

/* Begin PBXFrameworksBuildPhase section */
		8CCC99A821311B690092C7E4 /* Frameworks */ = {
			isa = PBXFrameworksBuildPhase;
			buildActionMask = 2147483647;
			files = (
			);
			runOnlyForDeploymentPostprocessing = 0;
		};
		8CCC99BC21311B6A0092C7E4 /* Frameworks */ = {
			isa = PBXFrameworksBuildPhase;
			buildActionMask = 2147483647;
			files = (
			);
			runOnlyForDeploymentPostprocessing = 0;
		};
		8CCC99C721311B6B0092C7E4 /* Frameworks */ = {
			isa = PBXFrameworksBuildPhase;
			buildActionMask = 2147483647;
			files = (
			);
			runOnlyForDeploymentPostprocessing = 0;
		};
/* End PBXFrameworksBuildPhase section */

/* Begin PBXGroup section */
		8CCC99A221311B690092C7E4 = {
			isa = PBXGroup;
			children = (
				8CCC99AD21311B690092C7E4 /* DemoProject */,
				8CCC99C221311B6A0092C7E4 /* DemoProjectTests */,
				8CCC99CD21311B6B0092C7E4 /* DemoProjectUITests */,
				8CCC99AC21311B690092C7E4 /* Products */,
			);
			sourceTree = "<group>";
		};
		8CCC99AC21311B690092C7E4 /* Products */ = {
			isa = PBXGroup;
			children = (
				8CCC99AB21311B690092C7E4 /* DemoProject.app */,
				8CCC99BF21311B6A0092C7E4 /* DemoProjectTests.xctest */,
				8CCC99CA21311B6B0092C7E4 /* DemoProjectUITests.xctest */,
			);
			name = Products;
			sourceTree = "<group>";
		};
		8CCC99AD21311B690092C7E4 /* DemoProject */ = {
			isa = PBXGroup;
			children = (
				8CCC99AE21311B690092C7E4 /* AppDelegate.swift */,
				8CCC99B021311B690092C7E4 /* ViewController.swift */,
				8CCC99B221311B690092C7E4 /* Main.storyboard */,
				8CCC99B521311B6A0092C7E4 /* Assets.xcassets */,
				8CCC99B721311B6A0092C7E4 /* LaunchScreen.storyboard */,
				8CCC99BA21311B6A0092C7E4 /* Info.plist */,
			);
			path = DemoProject;
			sourceTree = "<group>";
		};
		8CCC99C221311B6A0092C7E4 /* DemoProjectTests */ = {
			isa = PBXGroup;
			children = (
				8CCC99C321311B6A0092C7E4 /* DemoProjectTests.swift */,
				8CCC99C521311B6B0092C7E4 /* Info.plist */,
			);
			path = DemoProjectTests;
			sourceTree = "<group>";
		};
		8CCC99CD21311B6B0092C7E4 /* DemoProjectUITests */ = {
			isa = PBXGroup;
			children = (
				8CCC99CE21311B6B0092C7E4 /* DemoProjectUITests.swift */,
				8CCC99D021311B6B0092C7E4 /* Info.plist */,
			);
			path = DemoProjectUITests;
			sourceTree = "<group>";
		};
/* End PBXGroup section */

/* Begin PBXNativeTarget section */
		8CCC99AA21311B690092C7E4 /* DemoProject */ = {
			isa = PBXNativeTarget;
			buildConfigurationList = 8CCC99D321311B6B0092C7E4 /* Build configuration list for PBXNativeTarget "DemoProject" */;
			buildPhases = (
				8CCC99A721311B690092C7E4 /* Sources */,
				8CCC99A821311B690092C7E4 /* Frameworks */,
				8CCC99A921311B690092C7E4 /* Resources */,
			);
			buildRules = (
			);
			dependencies = (
			);
			name = DemoProject;
			productName = DemoProject;
			productReference = 8CCC99AB21311B690092C7E4 /* DemoProject.app */;
			productType = "com.apple.product-type.application";
		};
		8CCC99BE21311B6A0092C7E4 /* DemoProjectTests */ = {
			isa = PBXNativeTarget;
			buildConfigurationList = 8CCC99D621311B6B0092C7E4 /* Build configuration list for PBXNativeTarget "DemoProjectTests" */;
			buildPhases = (
				8CCC99BB21311B6A0092C7E4 /* Sources */,
				8CCC99BC21311B6A0092C7E4 /* Frameworks */,
				8CCC99BD21311B6A0092C7E4 /* Resources */,
			);
			buildRules = (
			);
			dependencies = (
				8CCC99C121311B6A0092C7E4 /* PBXTargetDependency */,
			);
			name = DemoProjectTests;
			productName = DemoProjectTests;
			productReference = 8CCC99BF21311B6A0092C7E4 /* DemoProjectTests.xctest */;
			productType = "com.apple.product-type.bundle.unit-test";
		};
		8CCC99C921311B6B0092C7E4 /* DemoProjectUITests */ = {
			isa = PBXNativeTarget;
			buildConfigurationList = 8CCC99D921311B6B0092C7E4 /* Build configuration list for PBXNativeTarget "DemoProjectUITests" */;
			buildPhases = (
				8CCC99C621311B6B0092C7E4 /* Sources */,
				8CCC99C721311B6B0092C7E4 /* Frameworks */,
				8CCC99C821311B6B0092C7E4 /* Resources */,
			);
			buildRules = (
			);
			dependencies = (
				8CCC99CC21311B6B0092C7E4 /* PBXTargetDependency */,
			);
			name = DemoProjectUITests;
			productName = DemoProjectUITests;
			productReference = 8CCC99CA21311B6B0092C7E4 /* DemoProjectUITests.xctest */;
			productType = "com.apple.product-type.bundle.ui-testing";
		};
/* End PBXNativeTarget section */

/* Begin PBXProject section */
		8CCC99A321311B690092C7E4 /* Project object */ = {
			isa = PBXProject;
			attributes = {
				LastSwiftUpdateCheck = 0940;
				LastUpgradeCheck = 0940;
				ORGANIZATIONNAME = "Ricardo Maqueda Martinez";
				TargetAttributes = {
					8CCC99AA21311B690092C7E4 = {
						CreatedOnToolsVersion = 9.4.1;
					};
					8CCC99BE21311B6A0092C7E4 = {
						CreatedOnToolsVersion = 9.4.1;
						TestTargetID = 8CCC99AA21311B690092C7E4;
					};
					8CCC99C921311B6B0092C7E4 = {
						CreatedOnToolsVersion = 9.4.1;
						TestTargetID = 8CCC99AA21311B690092C7E4;
					};
				};
			};
			buildConfigurationList = 8CCC99A621311B690092C7E4 /* Build configuration list for PBXProject "DemoProject" */;
			compatibilityVersion = "Xcode 9.3";
			developmentRegion = en;
			hasScannedForEncodings = 0;
			knownRegions = (
				en,
				Base,
			);
			mainGroup = 8CCC99A221311B690092C7E4;
			productRefGroup = 8CCC99AC21311B690092C7E4 /* Products */;
			projectDirPath = "";
			projectRoot = "";
			targets = (
				8CCC99AA21311B690092C7E4 /* DemoProject */,
				8CCC99BE21311B6A0092C7E4 /* DemoProjectTests */,
				8CCC99C921311B6B0092C7E4 /* DemoProjectUITests */,
			);
		};
/* End PBXProject section */

/* Begin PBXResourcesBuildPhase section */
		8CCC99A921311B690092C7E4 /* Resources */ = {
			isa = PBXResourcesBuildPhase;
			buildActionMask = 2147483647;
			files = (
				8CCC99B921311B6A0092C7E4 /* LaunchScreen.storyboard in Resources */,
				8CCC99B621311B6A0092C7E4 /* Assets.xcassets in Resources */,
				8CCC99B421311B690092C7E4 /* Main.storyboard in Resources */,
			);
			runOnlyForDeploymentPostprocessing = 0;
		};
		8CCC99BD21311B6A0092C7E4 /* Resources */ = {
			isa = PBXResourcesBuildPhase;
			buildActionMask = 2147483647;
			files = (
			);
			runOnlyForDeploymentPostprocessing = 0;
		};
		8CCC99C821311B6B0092C7E4 /* Resources */ = {
			isa = PBXResourcesBuildPhase;
			buildActionMask = 2147483647;
			files = (
			);
			runOnlyForDeploymentPostprocessing = 0;
		};
/* End PBXResourcesBuildPhase section */

/* Begin PBXSourcesBuildPhase section */
		8CCC99A721311B690092C7E4 /* Sources */ = {
			isa = PBXSourcesBuildPhase;
			buildActionMask = 2147483647;
			files = (
				8CCC99B121311B690092C7E4 /* ViewController.swift in Sources */,
				8CCC99AF21311B690092C7E4 /* AppDelegate.swift in Sources */,
			);
			runOnlyForDeploymentPostprocessing = 0;
		};
		8CCC99BB21311B6A0092C7E4 /* Sources */ = {
			isa = PBXSourcesBuildPhase;
			buildActionMask = 2147483647;
			files = (
				8CCC99C421311B6A0092C7E4 /* DemoProjectTests.swift in Sources */,
			);
			runOnlyForDeploymentPostprocessing = 0;
		};
		8CCC99C621311B6B0092C7E4 /* Sources */ = {
			isa = PBXSourcesBuildPhase;
			buildActionMask = 2147483647;
			files = (
				8CCC99CF21311B6B0092C7E4 /* DemoProjectUITests.swift in Sources */,
			);
			runOnlyForDeploymentPostprocessing = 0;
		};
/* End PBXSourcesBuildPhase section */

/* Begin PBXTargetDependency section */
		8CCC99C121311B6A0092C7E4 /* PBXTargetDependency */ = {
			isa = PBXTargetDependency;
			target = 8CCC99AA21311B690092C7E4 /* DemoProject */;
			targetProxy = 8CCC99C021311B6A0092C7E4 /* PBXContainerItemProxy */;
		};
		8CCC99CC21311B6B0092C7E4 /* PBXTargetDependency */ = {
			isa = PBXTargetDependency;
			target = 8CCC99AA21311B690092C7E4 /* DemoProject */;
			targetProxy = 8CCC99CB21311B6B0092C7E4 /* PBXContainerItemProxy */;
		};
/* End PBXTargetDependency section */

/* Begin PBXVariantGroup section */
		8CCC99B221311B690092C7E4 /* Main.storyboard */ = {
			isa = PBXVariantGroup;
			children = (
				8CCC99B321311B690092C7E4 /* Base */,
			);
			name = Main.storyboard;
			sourceTree = "<group>";
		};
		8CCC99B721311B6A0092C7E4 /* LaunchScreen.storyboard */ = {
			isa = PBXVariantGroup;
			children = (
				8CCC99B821311B6A0092C7E4 /* Base */,
			);
			name = LaunchScreen.storyboard;
			sourceTree = "<group>";
		};
/* End PBXVariantGroup section */

/* Begin XCBuildConfiguration section */
		8CCC99D121311B6B0092C7E4 /* Debug */ = {
			isa = XCBuildConfiguration;
			buildSettings = {
				ALWAYS_SEARCH_USER_PATHS = NO;
				CLANG_ANALYZER_NONNULL = YES;
				CLANG_ANALYZER_NUMBER_OBJECT_CONVERSION = YES_AGGRESSIVE;
				CLANG_CXX_LANGUAGE_STANDARD = "gnu++14";
				CLANG_CXX_LIBRARY = "libc++";
				CLANG_ENABLE_MODULES = YES;
				CLANG_ENABLE_OBJC_ARC = YES;
				CLANG_ENABLE_OBJC_WEAK = YES;
				CLANG_WARN_BLOCK_CAPTURE_AUTORELEASING = YES;
				CLANG_WARN_BOOL_CONVERSION = YES;
				CLANG_WARN_COMMA = YES;
				CLANG_WARN_CONSTANT_CONVERSION = YES;
				CLANG_WARN_DEPRECATED_OBJC_IMPLEMENTATIONS = YES;
				CLANG_WARN_DIRECT_OBJC_ISA_USAGE = YES_ERROR;
				CLANG_WARN_DOCUMENTATION_COMMENTS = YES;
				CLANG_WARN_EMPTY_BODY = YES;
				CLANG_WARN_ENUM_CONVERSION = YES;
				CLANG_WARN_INFINITE_RECURSION = YES;
				CLANG_WARN_INT_CONVERSION = YES;
				CLANG_WARN_NON_LITERAL_NULL_CONVERSION = YES;
				CLANG_WARN_OBJC_IMPLICIT_RETAIN_SELF = YES;
				CLANG_WARN_OBJC_LITERAL_CONVERSION = YES;
				CLANG_WARN_OBJC_ROOT_CLASS = YES_ERROR;
				CLANG_WARN_RANGE_LOOP_ANALYSIS = YES;
				CLANG_WARN_STRICT_PROTOTYPES = YES;
				CLANG_WARN_SUSPICIOUS_MOVE = YES;
				CLANG_WARN_UNGUARDED_AVAILABILITY = YES_AGGRESSIVE;
				CLANG_WARN_UNREACHABLE_CODE = YES;
				CLANG_WARN__DUPLICATE_METHOD_MATCH = YES;
				CODE_SIGN_IDENTITY = "iPhone Developer";
				COPY_PHASE_STRIP = NO;
				DEBUG_INFORMATION_FORMAT = dwarf;
				ENABLE_STRICT_OBJC_MSGSEND = YES;
				ENABLE_TESTABILITY = YES;
				GCC_C_LANGUAGE_STANDARD = gnu11;
				GCC_DYNAMIC_NO_PIC = NO;
				GCC_NO_COMMON_BLOCKS = YES;
				GCC_OPTIMIZATION_LEVEL = 0;
				GCC_PREPROCESSOR_DEFINITIONS = (
					"DEBUG=1",
					"$(inherited)",
				);
				GCC_WARN_64_TO_32_BIT_CONVERSION = YES;
				GCC_WARN_ABOUT_RETURN_TYPE = YES_ERROR;
				GCC_WARN_UNDECLARED_SELECTOR = YES;
				GCC_WARN_UNINITIALIZED_AUTOS = YES_AGGRESSIVE;
				GCC_WARN_UNUSED_FUNCTION = YES;
				GCC_WARN_UNUSED_VARIABLE = YES;
				IPHONEOS_DEPLOYMENT_TARGET = 11.4;
				MTL_ENABLE_DEBUG_INFO = YES;
				ONLY_ACTIVE_ARCH = YES;
				SDKROOT = iphoneos;
				SWIFT_ACTIVE_COMPILATION_CONDITIONS = DEBUG;
				SWIFT_OPTIMIZATION_LEVEL = "-Onone";
			};
			name = Debug;
		};
		8CCC99D221311B6B0092C7E4 /* Release */ = {
			isa = XCBuildConfiguration;
			buildSettings = {
				ALWAYS_SEARCH_USER_PATHS = NO;
				CLANG_ANALYZER_NONNULL = YES;
				CLANG_ANALYZER_NUMBER_OBJECT_CONVERSION = YES_AGGRESSIVE;
				CLANG_CXX_LANGUAGE_STANDARD = "gnu++14";
				CLANG_CXX_LIBRARY = "libc++";
				CLANG_ENABLE_MODULES = YES;
				CLANG_ENABLE_OBJC_ARC = YES;
				CLANG_ENABLE_OBJC_WEAK = YES;
				CLANG_WARN_BLOCK_CAPTURE_AUTORELEASING = YES;
				CLANG_WARN_BOOL_CONVERSION = YES;
				CLANG_WARN_COMMA = YES;
				CLANG_WARN_CONSTANT_CONVERSION = YES;
				CLANG_WARN_DEPRECATED_OBJC_IMPLEMENTATIONS = YES;
				CLANG_WARN_DIRECT_OBJC_ISA_USAGE = YES_ERROR;
				CLANG_WARN_DOCUMENTATION_COMMENTS = YES;
				CLANG_WARN_EMPTY_BODY = YES;
				CLANG_WARN_ENUM_CONVERSION = YES;
				CLANG_WARN_INFINITE_RECURSION = YES;
				CLANG_WARN_INT_CONVERSION = YES;
				CLANG_WARN_NON_LITERAL_NULL_CONVERSION = YES;
				CLANG_WARN_OBJC_IMPLICIT_RETAIN_SELF = YES;
				CLANG_WARN_OBJC_LITERAL_CONVERSION = YES;
				CLANG_WARN_OBJC_ROOT_CLASS = YES_ERROR;
				CLANG_WARN_RANGE_LOOP_ANALYSIS = YES;
				CLANG_WARN_STRICT_PROTOTYPES = YES;
				CLANG_WARN_SUSPICIOUS_MOVE = YES;
				CLANG_WARN_UNGUARDED_AVAILABILITY = YES_AGGRESSIVE;
				CLANG_WARN_UNREACHABLE_CODE = YES;
				CLANG_WARN__DUPLICATE_METHOD_MATCH = YES;
				CODE_SIGN_IDENTITY = "iPhone Developer";
				COPY_PHASE_STRIP = NO;
				DEBUG_INFORMATION_FORMAT = "dwarf-with-dsym";
				ENABLE_NS_ASSERTIONS = NO;
				ENABLE_STRICT_OBJC_MSGSEND = YES;
				GCC_C_LANGUAGE_STANDARD = gnu11;
				GCC_NO_COMMON_BLOCKS = YES;
				GCC_WARN_64_TO_32_BIT_CONVERSION = YES;
				GCC_WARN_ABOUT_RETURN_TYPE = YES_ERROR;
				GCC_WARN_UNDECLARED_SELECTOR = YES;
				GCC_WARN_UNINITIALIZED_AUTOS = YES_AGGRESSIVE;
				GCC_WARN_UNUSED_FUNCTION = YES;
				GCC_WARN_UNUSED_VARIABLE = YES;
				IPHONEOS_DEPLOYMENT_TARGET = 11.4;
				MTL_ENABLE_DEBUG_INFO = NO;
				SDKROOT = iphoneos;
				SWIFT_COMPILATION_MODE = wholemodule;
				SWIFT_OPTIMIZATION_LEVEL = "-O";
				VALIDATE_PRODUCT = YES;
			};
			name = Release;
		};
		8CCC99D421311B6B0092C7E4 /* Debug */ = {
			isa = XCBuildConfiguration;
			buildSettings = {
				ASSETCATALOG_COMPILER_APPICON_NAME = AppIcon;
				CODE_SIGN_IDENTITY = "iPhone Developer";
				CODE_SIGN_STYLE = Automatic;
				DEVELOPMENT_TEAM = "";
				INFOPLIST_FILE = DemoProject/Info.plist;
				LD_RUNPATH_SEARCH_PATHS = (
					"$(inherited)",
					"@executable_path/Frameworks",
				);
				PRODUCT_BUNDLE_IDENTIFIER = com.molestudio.DemoProject;
				PRODUCT_NAME = "$(TARGET_NAME)";
				PROVISIONING_PROFILE_SPECIFIER = "";
				SWIFT_VERSION = 4.0;
				TARGETED_DEVICE_FAMILY = "1,2";
			};
			name = Debug;
		};
		8CCC99D521311B6B0092C7E4 /* Release */ = {
			isa = XCBuildConfiguration;
			buildSettings = {
				ASSETCATALOG_COMPILER_APPICON_NAME = AppIcon;
				CODE_SIGN_IDENTITY = "iPhone Developer";
				CODE_SIGN_STYLE = Automatic;
				DEVELOPMENT_TEAM = "";
				INFOPLIST_FILE = DemoProject/Info.plist;
				LD_RUNPATH_SEARCH_PATHS = (
					"$(inherited)",
					"@executable_path/Frameworks",
				);
				PRODUCT_BUNDLE_IDENTIFIER = com.molestudio.DemoProject;
				PRODUCT_NAME = "$(TARGET_NAME)";
				PROVISIONING_PROFILE_SPECIFIER = "";
				SWIFT_VERSION = 4.0;
				TARGETED_DEVICE_FAMILY = "1,2";
			};
			name = Release;
		};
		8CCC99D721311B6B0092C7E4 /* Debug */ = {
			isa = XCBuildConfiguration;
			buildSettings = {
				ALWAYS_EMBED_SWIFT_STANDARD_LIBRARIES = YES;
				BUNDLE_LOADER = "$(TEST_HOST)";
				CODE_SIGN_STYLE = Automatic;
				INFOPLIST_FILE = DemoProjectTests/Info.plist;
				LD_RUNPATH_SEARCH_PATHS = (
					"$(inherited)",
					"@executable_path/Frameworks",
					"@loader_path/Frameworks",
				);
				PRODUCT_BUNDLE_IDENTIFIER = com.molestudio.DemoProjectTests;
				PRODUCT_NAME = "$(TARGET_NAME)";
				SWIFT_VERSION = 4.0;
				TARGETED_DEVICE_FAMILY = "1,2";
				TEST_HOST = "$(BUILT_PRODUCTS_DIR)/DemoProject.app/DemoProject";
			};
			name = Debug;
		};
		8CCC99D821311B6B0092C7E4 /* Release */ = {
			isa = XCBuildConfiguration;
			buildSettings = {
				ALWAYS_EMBED_SWIFT_STANDARD_LIBRARIES = YES;
				BUNDLE_LOADER = "$(TEST_HOST)";
				CODE_SIGN_STYLE = Automatic;
				INFOPLIST_FILE = DemoProjectTests/Info.plist;
				LD_RUNPATH_SEARCH_PATHS = (
					"$(inherited)",
					"@executable_path/Frameworks",
					"@loader_path/Frameworks",
				);
				PRODUCT_BUNDLE_IDENTIFIER = com.molestudio.DemoProjectTests;
				PRODUCT_NAME = "$(TARGET_NAME)";
				SWIFT_VERSION = 4.0;
				TARGETED_DEVICE_FAMILY = "1,2";
				TEST_HOST = "$(BUILT_PRODUCTS_DIR)/DemoProject.app/DemoProject";
			};
			name = Release;
		};
		8CCC99DA21311B6B0092C7E4 /* Debug */ = {
			isa = XCBuildConfiguration;
			buildSettings = {
				ALWAYS_EMBED_SWIFT_STANDARD_LIBRARIES = YES;
				CODE_SIGN_STYLE = Automatic;
				INFOPLIST_FILE = DemoProjectUITests/Info.plist;
				LD_RUNPATH_SEARCH_PATHS = (
					"$(inherited)",
					"@executable_path/Frameworks",
					"@loader_path/Frameworks",
				);
				PRODUCT_BUNDLE_IDENTIFIER = com.molestudio.DemoProjectUITests;
				PRODUCT_NAME = "$(TARGET_NAME)";
				SWIFT_VERSION = 4.0;
				TARGETED_DEVICE_FAMILY = "1,2";
				TEST_TARGET_NAME = DemoProject;
			};
			name = Debug;
		};
		8CCC99DB21311B6B0092C7E4 /* Release */ = {
			isa = XCBuildConfiguration;
			buildSettings = {
				ALWAYS_EMBED_SWIFT_STANDARD_LIBRARIES = YES;
				CODE_SIGN_STYLE = Automatic;
				INFOPLIST_FILE = DemoProjectUITests/Info.plist;
				LD_RUNPATH_SEARCH_PATHS = (
					"$(inherited)",
					"@executable_path/Frameworks",
					"@loader_path/Frameworks",
				);
				PRODUCT_BUNDLE_IDENTIFIER = com.molestudio.DemoProjectUITests;
				PRODUCT_NAME = "$(TARGET_NAME)";
				SWIFT_VERSION = 4.0;
				TARGETED_DEVICE_FAMILY = "1,2";
				TEST_TARGET_NAME = DemoProject;
			};
			name = Release;
		};
/* End XCBuildConfiguration section */

/* Begin XCConfigurationList section */
		8CCC99A621311B690092C7E4 /* Build configuration list for PBXProject "DemoProject" */ = {
			isa = XCConfigurationList;
			buildConfigurations = (
				8CCC99D121311B6B0092C7E4 /* Debug */,
				8CCC99D221311B6B0092C7E4 /* Release */,
			);
			defaultConfigurationIsVisible = 0;
			defaultConfigurationName = Release;
		};
		8CCC99D321311B6B0092C7E4 /* Build configuration list for PBXNativeTarget "DemoProject" */ = {
			isa = XCConfigurationList;
			buildConfigurations = (
				8CCC99D421311B6B0092C7E4 /* Debug */,
				8CCC99D521311B6B0092C7E4 /* Release */,
			);
			defaultConfigurationIsVisible = 0;
			defaultConfigurationName = Release;
		};
		8CCC99D621311B6B0092C7E4 /* Build configuration list for PBXNativeTarget "DemoProjectTests" */ = {
			isa = XCConfigurationList;
			buildConfigurations = (
				8CCC99D721311B6B0092C7E4 /* Debug */,
				8CCC99D821311B6B0092C7E4 /* Release */,
			);
			defaultConfigurationIsVisible = 0;
			defaultConfigurationName = Release;
		};
		8CCC99D921311B6B0092C7E4 /* Build configuration list for PBXNativeTarget "DemoProjectUITests" */ = {
			isa = XCConfigurationList;
			buildConfigurations = (
				8CCC99DA21311B6B0092C7E4 /* Debug */,
				8CCC99DB21311B6B0092C7E4 /* Release */,
			);
			defaultConfigurationIsVisible = 0;
			defaultConfigurationName = Release;
		};
/* End XCConfigurationList section */
	};
	rootObject = 8CCC99A321311B690092C7E4 /* Project object */;
}
